
Microsoft Visual Studio Solution File, Format Version 12.00
Project("{FAE04EC0-301F-11D3-BF4B-00C04F79EFBC}") = "Blog", "Blog\Blog.csproj", "{DBE348A7-6BD8-4E29-B172-845D2F5BC2AB}"
EndProject
Project("{2150E333-8FDC-42A3-9474-1A3956D46DE8}") = "Solution Items", "Solution Items", "{203CCE97-64AE-4696-8AE7-23302AF0194B}"
	ProjectSection(SolutionItems) = preProject
		docker-compose.yml = docker-compose.yml
		docker-compose.override.yml = docker-compose.override.yml
	EndProjectSection
EndProject
Project("{2150E333-8FDC-42A3-9474-1A3956D46DE8}") = "src", "src", "{E6F6E2F7-57BC-42E6-AB78-D843007CE6CC}"
EndProject
Project("{2150E333-8FDC-42A3-9474-1A3956D46DE8}") = "Services", "Services", "{CECE3B72-9232-4EAD-99C4-B2BBFF2E0800}"
EndProject
Project("{2150E333-8FDC-42A3-9474-1A3956D46DE8}") = "Common", "Common", "{C8DDA20B-6AA8-4810-925F-7686377F3CDD}"
EndProject
Project("{2150E333-8FDC-42A3-9474-1A3956D46DE8}") = "tests", "tests", "{17D855FC-D9C1-4E16-8AA2-B2204DC75343}"
EndProject
Project("{2150E333-8FDC-42A3-9474-1A3956D46DE8}") = "Infrastructure", "Infrastructure", "{7FBC05E2-1497-4097-B12B-7C1470ACA455}"
EndProject
Project("{FAE04EC0-301F-11D3-BF4B-00C04F79EFBC}") = "Application", "Application\Application.csproj", "{2CE72FA6-205D-422C-8E5D-B5C6E6449F95}"
EndProject
Project("{FAE04EC0-301F-11D3-BF4B-00C04F79EFBC}") = "Domain", "Domain\Domain.csproj", "{DB11A6F6-D3BE-4F52-90A2-DF0DBA5414FA}"
EndProject
Project("{FAE04EC0-301F-11D3-BF4B-00C04F79EFBC}") = "Infrastructure", "Infrastructure\Infrastructure.csproj", "{D064C20F-E436-496B-8326-A65D159B2AB5}"
EndProject
Project("{FAE04EC0-301F-11D3-BF4B-00C04F79EFBC}") = "Persistence", "Persistence\Persistence.csproj", "{5A8CA37F-7EC5-4805-BECC-AE45A6E3186D}"
EndProject
Project("{FAE04EC0-301F-11D3-BF4B-00C04F79EFBC}") = "BackgroundTasks", "BackgroundTasks\BackgroundTasks.csproj", "{334F2CC4-3E37-4145-A5C4-D424611D2AFB}"
EndProject
Project("{FAE04EC0-301F-11D3-BF4B-00C04F79EFBC}") = "ServiceDefaults", "ServiceDefaults\ServiceDefaults.csproj", "{6F066BEF-9BD2-44ED-B270-262FDBFDD77C}"
EndProject
Project("{FAE04EC0-301F-11D3-BF4B-00C04F79EFBC}") = "Common.Logging", "Common.Logging\Common.Logging.csproj", "{D1343F44-9E5C-4B08-B4D2-8CDFB6F66928}"
EndProject
Project("{FAE04EC0-301F-11D3-BF4B-00C04F79EFBC}") = "EmailService", "EmailService\EmailService.csproj", "{D59ADD9F-A3DF-422C-B95F-15C2BF568F6E}"
EndProject
Project("{FAE04EC0-301F-11D3-BF4B-00C04F79EFBC}") = "Kafka", "Kafka\Kafka.csproj", "{2B58D1C2-1D81-41B0-B4E2-B8BEB1E01879}"
EndProject
Project("{FAE04EC0-301F-11D3-BF4B-00C04F79EFBC}") = "ArticleAPI", "ArticleAPI\ArticleAPI.csproj", "{F39862B4-0A17-454D-B5C4-BDF1809EDFAD}"
EndProject
Project("{2150E333-8FDC-42A3-9474-1A3956D46DE8}") = "GateWay", "GateWay", "{D04FA552-27B0-4476-83E4-B3EA8B5FC40D}"
EndProject
Project("{FAE04EC0-301F-11D3-BF4B-00C04F79EFBC}") = "Blog.GateWay", "Blog.GateWay\Blog.GateWay.csproj", "{4B33D428-9E9A-490E-9E87-02A429C32177}"
EndProject
Project("{2150E333-8FDC-42A3-9474-1A3956D46DE8}") = "Deployments", "Deployments", "{71ECC481-8B44-4449-96B2-59C5E10FE6C1}"
EndProject
Project("{2150E333-8FDC-42A3-9474-1A3956D46DE8}") = "k8s", "k8s", "{ABDB1D5B-0B81-4D84-8086-B9104447A807}"
EndProject
Project("{FAE04EC0-301F-11D3-BF4B-00C04F79EFBC}") = "ArticleAPI.FunctionalTests", "ArticleAPI.FunctionalTests\ArticleAPI.FunctionalTests.csproj", "{66455621-1622-4820-A8BD-D847011883EC}"
EndProject
Project("{FAE04EC0-301F-11D3-BF4B-00C04F79EFBC}") = "RabbitMq", "RabbitMq\RabbitMq.csproj", "{4572EED1-7B2C-4C6F-AC6B-88BA9909C534}"
EndProject
Project("{FAE04EC0-301F-11D3-BF4B-00C04F79EFBC}") = "Identity.API", "Identity.API\Identity.API.csproj", "{0E24C582-E862-403A-828A-9C592EB0DC62}"
EndProject
Project("{FAE04EC0-301F-11D3-BF4B-00C04F79EFBC}") = "Web", "Web\Web.csproj", "{C331103D-CD45-406C-9F83-5F4591D61EC8}"
EndProject
Project("{FAE04EC0-301F-11D3-BF4B-00C04F79EFBC}") = "IdentityApi", "IdentityApi\IdentityApi.csproj", "{BF6F356E-A82C-481E-B604-9136AAA3825E}"
EndProject
Project("{FAE04EC0-301F-11D3-BF4B-00C04F79EFBC}") = "BlazorApp1", "BlazorApp1\BlazorApp1.csproj", "{4D797D68-39A0-471F-A1C3-459DDCF8A2F6}"
EndProject
Global
	GlobalSection(SolutionConfigurationPlatforms) = preSolution
		Debug|Any CPU = Debug|Any CPU
		Release|Any CPU = Release|Any CPU
	EndGlobalSection
	GlobalSection(ProjectConfigurationPlatforms) = postSolution
		{DBE348A7-6BD8-4E29-B172-845D2F5BC2AB}.Debug|Any CPU.ActiveCfg = Debug|Any CPU
		{DBE348A7-6BD8-4E29-B172-845D2F5BC2AB}.Debug|Any CPU.Build.0 = Debug|Any CPU
		{DBE348A7-6BD8-4E29-B172-845D2F5BC2AB}.Release|Any CPU.ActiveCfg = Release|Any CPU
		{DBE348A7-6BD8-4E29-B172-845D2F5BC2AB}.Release|Any CPU.Build.0 = Release|Any CPU
		{2CE72FA6-205D-422C-8E5D-B5C6E6449F95}.Debug|Any CPU.ActiveCfg = Debug|Any CPU
		{2CE72FA6-205D-422C-8E5D-B5C6E6449F95}.Debug|Any CPU.Build.0 = Debug|Any CPU
		{2CE72FA6-205D-422C-8E5D-B5C6E6449F95}.Release|Any CPU.ActiveCfg = Release|Any CPU
		{2CE72FA6-205D-422C-8E5D-B5C6E6449F95}.Release|Any CPU.Build.0 = Release|Any CPU
		{DB11A6F6-D3BE-4F52-90A2-DF0DBA5414FA}.Debug|Any CPU.ActiveCfg = Debug|Any CPU
		{DB11A6F6-D3BE-4F52-90A2-DF0DBA5414FA}.Debug|Any CPU.Build.0 = Debug|Any CPU
		{DB11A6F6-D3BE-4F52-90A2-DF0DBA5414FA}.Release|Any CPU.ActiveCfg = Release|Any CPU
		{DB11A6F6-D3BE-4F52-90A2-DF0DBA5414FA}.Release|Any CPU.Build.0 = Release|Any CPU
		{D064C20F-E436-496B-8326-A65D159B2AB5}.Debug|Any CPU.ActiveCfg = Debug|Any CPU
		{D064C20F-E436-496B-8326-A65D159B2AB5}.Debug|Any CPU.Build.0 = Debug|Any CPU
		{D064C20F-E436-496B-8326-A65D159B2AB5}.Release|Any CPU.ActiveCfg = Release|Any CPU
		{D064C20F-E436-496B-8326-A65D159B2AB5}.Release|Any CPU.Build.0 = Release|Any CPU
		{5A8CA37F-7EC5-4805-BECC-AE45A6E3186D}.Debug|Any CPU.ActiveCfg = Debug|Any CPU
		{5A8CA37F-7EC5-4805-BECC-AE45A6E3186D}.Debug|Any CPU.Build.0 = Debug|Any CPU
		{5A8CA37F-7EC5-4805-BECC-AE45A6E3186D}.Release|Any CPU.ActiveCfg = Release|Any CPU
		{5A8CA37F-7EC5-4805-BECC-AE45A6E3186D}.Release|Any CPU.Build.0 = Release|Any CPU
		{334F2CC4-3E37-4145-A5C4-D424611D2AFB}.Debug|Any CPU.ActiveCfg = Debug|Any CPU
		{334F2CC4-3E37-4145-A5C4-D424611D2AFB}.Debug|Any CPU.Build.0 = Debug|Any CPU
		{334F2CC4-3E37-4145-A5C4-D424611D2AFB}.Release|Any CPU.ActiveCfg = Release|Any CPU
		{334F2CC4-3E37-4145-A5C4-D424611D2AFB}.Release|Any CPU.Build.0 = Release|Any CPU
		{6F066BEF-9BD2-44ED-B270-262FDBFDD77C}.Debug|Any CPU.ActiveCfg = Debug|Any CPU
		{6F066BEF-9BD2-44ED-B270-262FDBFDD77C}.Debug|Any CPU.Build.0 = Debug|Any CPU
		{6F066BEF-9BD2-44ED-B270-262FDBFDD77C}.Release|Any CPU.ActiveCfg = Release|Any CPU
		{6F066BEF-9BD2-44ED-B270-262FDBFDD77C}.Release|Any CPU.Build.0 = Release|Any CPU
		{D1343F44-9E5C-4B08-B4D2-8CDFB6F66928}.Debug|Any CPU.ActiveCfg = Debug|Any CPU
		{D1343F44-9E5C-4B08-B4D2-8CDFB6F66928}.Debug|Any CPU.Build.0 = Debug|Any CPU
		{D1343F44-9E5C-4B08-B4D2-8CDFB6F66928}.Release|Any CPU.ActiveCfg = Release|Any CPU
		{D1343F44-9E5C-4B08-B4D2-8CDFB6F66928}.Release|Any CPU.Build.0 = Release|Any CPU
		{D59ADD9F-A3DF-422C-B95F-15C2BF568F6E}.Debug|Any CPU.ActiveCfg = Debug|Any CPU
		{D59ADD9F-A3DF-422C-B95F-15C2BF568F6E}.Debug|Any CPU.Build.0 = Debug|Any CPU
		{D59ADD9F-A3DF-422C-B95F-15C2BF568F6E}.Release|Any CPU.ActiveCfg = Release|Any CPU
		{D59ADD9F-A3DF-422C-B95F-15C2BF568F6E}.Release|Any CPU.Build.0 = Release|Any CPU
		{2B58D1C2-1D81-41B0-B4E2-B8BEB1E01879}.Debug|Any CPU.ActiveCfg = Debug|Any CPU
		{2B58D1C2-1D81-41B0-B4E2-B8BEB1E01879}.Debug|Any CPU.Build.0 = Debug|Any CPU
		{2B58D1C2-1D81-41B0-B4E2-B8BEB1E01879}.Release|Any CPU.ActiveCfg = Release|Any CPU
		{2B58D1C2-1D81-41B0-B4E2-B8BEB1E01879}.Release|Any CPU.Build.0 = Release|Any CPU
		{F39862B4-0A17-454D-B5C4-BDF1809EDFAD}.Debug|Any CPU.ActiveCfg = Debug|Any CPU
		{F39862B4-0A17-454D-B5C4-BDF1809EDFAD}.Debug|Any CPU.Build.0 = Debug|Any CPU
		{F39862B4-0A17-454D-B5C4-BDF1809EDFAD}.Release|Any CPU.ActiveCfg = Release|Any CPU
		{F39862B4-0A17-454D-B5C4-BDF1809EDFAD}.Release|Any CPU.Build.0 = Release|Any CPU
		{4B33D428-9E9A-490E-9E87-02A429C32177}.Debug|Any CPU.ActiveCfg = Debug|Any CPU
		{4B33D428-9E9A-490E-9E87-02A429C32177}.Debug|Any CPU.Build.0 = Debug|Any CPU
		{4B33D428-9E9A-490E-9E87-02A429C32177}.Release|Any CPU.ActiveCfg = Release|Any CPU
		{4B33D428-9E9A-490E-9E87-02A429C32177}.Release|Any CPU.Build.0 = Release|Any CPU
		{66455621-1622-4820-A8BD-D847011883EC}.Debug|Any CPU.ActiveCfg = Debug|Any CPU
		{66455621-1622-4820-A8BD-D847011883EC}.Debug|Any CPU.Build.0 = Debug|Any CPU
		{66455621-1622-4820-A8BD-D847011883EC}.Release|Any CPU.ActiveCfg = Release|Any CPU
		{66455621-1622-4820-A8BD-D847011883EC}.Release|Any CPU.Build.0 = Release|Any CPU
		{4572EED1-7B2C-4C6F-AC6B-88BA9909C534}.Debug|Any CPU.ActiveCfg = Debug|Any CPU
		{4572EED1-7B2C-4C6F-AC6B-88BA9909C534}.Debug|Any CPU.Build.0 = Debug|Any CPU
		{4572EED1-7B2C-4C6F-AC6B-88BA9909C534}.Release|Any CPU.ActiveCfg = Release|Any CPU
		{4572EED1-7B2C-4C6F-AC6B-88BA9909C534}.Release|Any CPU.Build.0 = Release|Any CPU
		{0E24C582-E862-403A-828A-9C592EB0DC62}.Debug|Any CPU.ActiveCfg = Debug|Any CPU
		{0E24C582-E862-403A-828A-9C592EB0DC62}.Debug|Any CPU.Build.0 = Debug|Any CPU
		{0E24C582-E862-403A-828A-9C592EB0DC62}.Release|Any CPU.ActiveCfg = Release|Any CPU
		{0E24C582-E862-403A-828A-9C592EB0DC62}.Release|Any CPU.Build.0 = Release|Any CPU
		{C331103D-CD45-406C-9F83-5F4591D61EC8}.Debug|Any CPU.ActiveCfg = Debug|Any CPU
		{C331103D-CD45-406C-9F83-5F4591D61EC8}.Debug|Any CPU.Build.0 = Debug|Any CPU
		{C331103D-CD45-406C-9F83-5F4591D61EC8}.Release|Any CPU.ActiveCfg = Release|Any CPU
		{C331103D-CD45-406C-9F83-5F4591D61EC8}.Release|Any CPU.Build.0 = Release|Any CPU
		{BF6F356E-A82C-481E-B604-9136AAA3825E}.Debug|Any CPU.ActiveCfg = Debug|Any CPU
		{BF6F356E-A82C-481E-B604-9136AAA3825E}.Debug|Any CPU.Build.0 = Debug|Any CPU
		{BF6F356E-A82C-481E-B604-9136AAA3825E}.Release|Any CPU.ActiveCfg = Release|Any CPU
		{BF6F356E-A82C-481E-B604-9136AAA3825E}.Release|Any CPU.Build.0 = Release|Any CPU
		{4D797D68-39A0-471F-A1C3-459DDCF8A2F6}.Debug|Any CPU.ActiveCfg = Debug|Any CPU
		{4D797D68-39A0-471F-A1C3-459DDCF8A2F6}.Debug|Any CPU.Build.0 = Debug|Any CPU
		{4D797D68-39A0-471F-A1C3-459DDCF8A2F6}.Release|Any CPU.ActiveCfg = Release|Any CPU
		{4D797D68-39A0-471F-A1C3-459DDCF8A2F6}.Release|Any CPU.Build.0 = Release|Any CPU
	EndGlobalSection
	GlobalSection(NestedProjects) = preSolution
		{CECE3B72-9232-4EAD-99C4-B2BBFF2E0800} = {E6F6E2F7-57BC-42E6-AB78-D843007CE6CC}
		{C8DDA20B-6AA8-4810-925F-7686377F3CDD} = {E6F6E2F7-57BC-42E6-AB78-D843007CE6CC}
		{7FBC05E2-1497-4097-B12B-7C1470ACA455} = {E6F6E2F7-57BC-42E6-AB78-D843007CE6CC}
		{2CE72FA6-205D-422C-8E5D-B5C6E6449F95} = {C8DDA20B-6AA8-4810-925F-7686377F3CDD}
		{DB11A6F6-D3BE-4F52-90A2-DF0DBA5414FA} = {C8DDA20B-6AA8-4810-925F-7686377F3CDD}
		{D064C20F-E436-496B-8326-A65D159B2AB5} = {C8DDA20B-6AA8-4810-925F-7686377F3CDD}
		{5A8CA37F-7EC5-4805-BECC-AE45A6E3186D} = {C8DDA20B-6AA8-4810-925F-7686377F3CDD}
		{334F2CC4-3E37-4145-A5C4-D424611D2AFB} = {C8DDA20B-6AA8-4810-925F-7686377F3CDD}
		{6F066BEF-9BD2-44ED-B270-262FDBFDD77C} = {7FBC05E2-1497-4097-B12B-7C1470ACA455}
		{D1343F44-9E5C-4B08-B4D2-8CDFB6F66928} = {7FBC05E2-1497-4097-B12B-7C1470ACA455}
		{D59ADD9F-A3DF-422C-B95F-15C2BF568F6E} = {7FBC05E2-1497-4097-B12B-7C1470ACA455}
		{2B58D1C2-1D81-41B0-B4E2-B8BEB1E01879} = {7FBC05E2-1497-4097-B12B-7C1470ACA455}
		{F39862B4-0A17-454D-B5C4-BDF1809EDFAD} = {CECE3B72-9232-4EAD-99C4-B2BBFF2E0800}
		{D04FA552-27B0-4476-83E4-B3EA8B5FC40D} = {E6F6E2F7-57BC-42E6-AB78-D843007CE6CC}
		{4B33D428-9E9A-490E-9E87-02A429C32177} = {D04FA552-27B0-4476-83E4-B3EA8B5FC40D}
		{ABDB1D5B-0B81-4D84-8086-B9104447A807} = {71ECC481-8B44-4449-96B2-59C5E10FE6C1}
		{66455621-1622-4820-A8BD-D847011883EC} = {17D855FC-D9C1-4E16-8AA2-B2204DC75343}
		{4572EED1-7B2C-4C6F-AC6B-88BA9909C534} = {7FBC05E2-1497-4097-B12B-7C1470ACA455}
		{0E24C582-E862-403A-828A-9C592EB0DC62} = {CECE3B72-9232-4EAD-99C4-B2BBFF2E0800}
		{C331103D-CD45-406C-9F83-5F4591D61EC8} = {CECE3B72-9232-4EAD-99C4-B2BBFF2E0800}
		{BF6F356E-A82C-481E-B604-9136AAA3825E} = {CECE3B72-9232-4EAD-99C4-B2BBFF2E0800}
		{4D797D68-39A0-471F-A1C3-459DDCF8A2F6} = {CECE3B72-9232-4EAD-99C4-B2BBFF2E0800}
	EndGlobalSection
EndGlobal
